
Microsoft Visual Studio Solution File, Format Version 12.00
# Visual Studio 14
VisualStudioVersion = 14.0.25123.0
MinimumVisualStudioVersion = 10.0.40219.1
Project("{FAE04EC0-301F-11D3-BF4B-00C04F79EFBC}") = "HolidaysBetweenTwoDates", "HolidaysBetweenTwoDates\HolidaysBetweenTwoDates.csproj", "{B5D0EF47-ABFC-4475-8E95-EB0B40CC61D6}"
EndProject
Project("{FAE04EC0-301F-11D3-BF4B-00C04F79EFBC}") = "o2BePositive", "o2BePositive\o2BePositive.csproj", "{E06D86FE-2008-4574-AF5A-1C6B1F0FD00E}"
EndProject
Project("{FAE04EC0-301F-11D3-BF4B-00C04F79EFBC}") = "201CenturiesToMinutes", "201CenturiesToMinutes\201CenturiesToMinutes.csproj", "{6D007772-FA05-4EDA-9B78-C606C56EDE64}"
EndProject
Project("{FAE04EC0-301F-11D3-BF4B-00C04F79EFBC}") = "202Circle Area", "202Circle Area\202Circle Area.csproj", "{544F6CB4-A7A5-4296-A1B3-72EF03AE0990}"
EndProject
Project("{FAE04EC0-301F-11D3-BF4B-00C04F79EFBC}") = "203ExactSum", "203ExactSum\203ExactSum.csproj", "{ED5844AF-A8D0-4422-9750-083C63694E04}"
EndProject
Project("{FAE04EC0-301F-11D3-BF4B-00C04F79EFBC}") = "204Elevator", "204Elevator\204Elevator.csproj", "{CA94F1E0-2D38-4E24-B296-D17A9FF1A01A}"
EndProject
Project("{FAE04EC0-301F-11D3-BF4B-00C04F79EFBC}") = "205SpecialNumbers", "205SpecialNumbers\205SpecialNumbers.csproj", "{4D4486C2-64E4-41C9-A336-9D37A829CF19}"
EndProject
Project("{FAE04EC0-301F-11D3-BF4B-00C04F79EFBC}") = "207TriplesOfLetters", "207TriplesOfLetters\207TriplesOfLetters.csproj", "{7358CB10-530B-4B1C-A94E-DA6B628ABF27}"
EndProject
Project("{FAE04EC0-301F-11D3-BF4B-00C04F79EFBC}") = "208Greeting", "208Greeting\208Greeting.csproj", "{80AD092D-86FA-4163-B250-8B86A4475581}"
EndProject
Project("{FAE04EC0-301F-11D3-BF4B-00C04F79EFBC}") = "209Weekday", "209Weekday\209Weekday.csproj", "{8E1C5B0D-3623-4316-82B8-175137EA1BAC}"
EndProject
Project("{FAE04EC0-301F-11D3-BF4B-00C04F79EFBC}") = "209Animals", "209Animals\209Animals.csproj", "{E637F9AD-A6EC-4103-A938-E8BCA8530738}"
EndProject
Project("{FAE04EC0-301F-11D3-BF4B-00C04F79EFBC}") = "210FilledSquare", "210FilledSquare\210FilledSquare.csproj", "{F761A4FE-D3C8-4B08-B3BD-FD0F9510BC4D}"
EndProject
Project("{FAE04EC0-301F-11D3-BF4B-00C04F79EFBC}") = "301DataTypes", "301DataTypes\301DataTypes.csproj", "{38679B44-DD14-4CE9-ABBA-00B9F9C8E7F3}"
EndProject
Project("{FAE04EC0-301F-11D3-BF4B-00C04F79EFBC}") = "302FloatingPoint", "302FloatingPoint\302FloatingPoint.csproj", "{DFA1DD1D-7BE7-4D86-9B95-6C689FA888CB}"
EndProject
Project("{FAE04EC0-301F-11D3-BF4B-00C04F79EFBC}") = "303CharsOrStrings", "303CharsOrStrings\303CharsOrStrings.csproj", "{F651C29A-FE41-49D4-913F-9A1430B65A28}"
EndProject
Project("{FAE04EC0-301F-11D3-BF4B-00C04F79EFBC}") = "304HexaToDecimal", "304HexaToDecimal\304HexaToDecimal.csproj", "{9AF2DA3D-19E0-42F4-9352-7F23C56E77BD}"
EndProject
Project("{FAE04EC0-301F-11D3-BF4B-00C04F79EFBC}") = "305 Boolean", "305 Boolean\305 Boolean.csproj", "{EF67CF25-D9BE-4707-BE57-EDF418C5294A}"
EndProject
Project("{FAE04EC0-301F-11D3-BF4B-00C04F79EFBC}") = "307SwithcNumbers", "307SwithcNumbers\307SwithcNumbers.csproj", "{30B6E874-D1D1-4363-B982-B47F1CEDE282}"
EndProject
Project("{FAE04EC0-301F-11D3-BF4B-00C04F79EFBC}") = "308EmployeeData", "308EmployeeData\308EmployeeData.csproj", "{0E8A2489-915D-4153-9DF6-899713A34873}"
EndProject
Project("{FAE04EC0-301F-11D3-BF4B-00C04F79EFBC}") = "309ReversedChars", "309ReversedChars\309ReversedChars.csproj", "{A8435BDA-C688-4107-9F10-83271E9404B7}"
EndProject
Project("{FAE04EC0-301F-11D3-BF4B-00C04F79EFBC}") = "310CenturiesToMiliseconds", "310CenturiesToMiliseconds\310CenturiesToMiliseconds.csproj", "{D76986F4-34F7-4815-9A85-025F4BCAE3C0}"
EndProject
Project("{FAE04EC0-301F-11D3-BF4B-00C04F79EFBC}") = "311ConvertSpeedUnits", "311ConvertSpeedUnits\311ConvertSpeedUnits.csproj", "{C7667ED3-EC15-4BD2-BE80-CCCDAC20BFC9}"
EndProject
Project("{FAE04EC0-301F-11D3-BF4B-00C04F79EFBC}") = "312RectangleProperties", "312RectangleProperties\312RectangleProperties.csproj", "{8E73DBB8-C4AD-4372-9112-71538EDFB032}"
EndProject
Project("{FAE04EC0-301F-11D3-BF4B-00C04F79EFBC}") = "313VowelOrDigit", "313VowelOrDigit\313VowelOrDigit.csproj", "{9389A715-D341-4091-987B-3EF63A89498B}"
EndProject
Project("{FAE04EC0-301F-11D3-BF4B-00C04F79EFBC}") = "314IntegerOrHexOrBinary", "314IntegerOrHexOrBinary\314IntegerOrHexOrBinary.csproj", "{678F68B4-7640-415C-AF0E-25587B781664}"
EndProject
Project("{FAE04EC0-301F-11D3-BF4B-00C04F79EFBC}") = "315ComparingFloats", "315ComparingFloats\315ComparingFloats.csproj", "{60A3CE41-E5FB-4428-B36F-E14AC333E6DC}"
EndProject
Project("{FAE04EC0-301F-11D3-BF4B-00C04F79EFBC}") = "316ASCIITable", "316ASCIITable\316ASCIITable.csproj", "{EAD7AA81-E6BF-45EE-9FEA-044616413A9C}"
EndProject
Project("{FAE04EC0-301F-11D3-BF4B-00C04F79EFBC}") = "217DifferentIntegerSize", "217DifferentIntegerSize\217DifferentIntegerSize.csproj", "{C9999B93-CBEF-438B-9331-E95B8853B749}"
EndProject
Project("{FAE04EC0-301F-11D3-BF4B-00C04F79EFBC}") = "318HelloName", "318HelloName\318HelloName.csproj", "{C7483613-D84A-4139-AFBD-069042693052}"
EndProject
Project("{FAE04EC0-301F-11D3-BF4B-00C04F79EFBC}") = "319MaxMethod", "319MaxMethod\319MaxMethod.csproj", "{FE17284C-B22E-4EE0-8290-055607A06E19}"
EndProject
Project("{FAE04EC0-301F-11D3-BF4B-00C04F79EFBC}") = "320EnglishNameOfDigit", "320EnglishNameOfDigit\320EnglishNameOfDigit.csproj", "{141E6C4F-008E-4956-A27D-C561F7AFCEF6}"
EndProject
Project("{FAE04EC0-301F-11D3-BF4B-00C04F79EFBC}") = "326Factorial", "326Factorial\326Factorial.csproj", "{F5CCB1CC-F491-4BC6-A99F-467ADB9391EB}"
EndProject
Project("{FAE04EC0-301F-11D3-BF4B-00C04F79EFBC}") = "323PrimeChecker", "323PrimeChecker\323PrimeChecker.csproj", "{29557CC3-29E6-4B63-84A6-AABDF4C97AC7}"
EndProject
Project("{FAE04EC0-301F-11D3-BF4B-00C04F79EFBC}") = "322Fibonacci", "322Fibonacci\322Fibonacci.csproj", "{8962A35C-6363-4722-84AB-D695399D134E}"
EndProject
Global
	GlobalSection(SolutionConfigurationPlatforms) = preSolution
		Debug|Any CPU = Debug|Any CPU
		Release|Any CPU = Release|Any CPU
	EndGlobalSection
	GlobalSection(ProjectConfigurationPlatforms) = postSolution
		{B5D0EF47-ABFC-4475-8E95-EB0B40CC61D6}.Debug|Any CPU.ActiveCfg = Debug|Any CPU
		{B5D0EF47-ABFC-4475-8E95-EB0B40CC61D6}.Debug|Any CPU.Build.0 = Debug|Any CPU
		{B5D0EF47-ABFC-4475-8E95-EB0B40CC61D6}.Release|Any CPU.ActiveCfg = Release|Any CPU
		{B5D0EF47-ABFC-4475-8E95-EB0B40CC61D6}.Release|Any CPU.Build.0 = Release|Any CPU
		{E06D86FE-2008-4574-AF5A-1C6B1F0FD00E}.Debug|Any CPU.ActiveCfg = Debug|Any CPU
		{E06D86FE-2008-4574-AF5A-1C6B1F0FD00E}.Debug|Any CPU.Build.0 = Debug|Any CPU
		{E06D86FE-2008-4574-AF5A-1C6B1F0FD00E}.Release|Any CPU.ActiveCfg = Release|Any CPU
		{E06D86FE-2008-4574-AF5A-1C6B1F0FD00E}.Release|Any CPU.Build.0 = Release|Any CPU
		{6D007772-FA05-4EDA-9B78-C606C56EDE64}.Debug|Any CPU.ActiveCfg = Debug|Any CPU
		{6D007772-FA05-4EDA-9B78-C606C56EDE64}.Debug|Any CPU.Build.0 = Debug|Any CPU
		{6D007772-FA05-4EDA-9B78-C606C56EDE64}.Release|Any CPU.ActiveCfg = Release|Any CPU
		{6D007772-FA05-4EDA-9B78-C606C56EDE64}.Release|Any CPU.Build.0 = Release|Any CPU
		{544F6CB4-A7A5-4296-A1B3-72EF03AE0990}.Debug|Any CPU.ActiveCfg = Debug|Any CPU
		{544F6CB4-A7A5-4296-A1B3-72EF03AE0990}.Debug|Any CPU.Build.0 = Debug|Any CPU
		{544F6CB4-A7A5-4296-A1B3-72EF03AE0990}.Release|Any CPU.ActiveCfg = Release|Any CPU
		{544F6CB4-A7A5-4296-A1B3-72EF03AE0990}.Release|Any CPU.Build.0 = Release|Any CPU
		{ED5844AF-A8D0-4422-9750-083C63694E04}.Debug|Any CPU.ActiveCfg = Debug|Any CPU
		{ED5844AF-A8D0-4422-9750-083C63694E04}.Debug|Any CPU.Build.0 = Debug|Any CPU
		{ED5844AF-A8D0-4422-9750-083C63694E04}.Release|Any CPU.ActiveCfg = Release|Any CPU
		{ED5844AF-A8D0-4422-9750-083C63694E04}.Release|Any CPU.Build.0 = Release|Any CPU
		{CA94F1E0-2D38-4E24-B296-D17A9FF1A01A}.Debug|Any CPU.ActiveCfg = Debug|Any CPU
		{CA94F1E0-2D38-4E24-B296-D17A9FF1A01A}.Debug|Any CPU.Build.0 = Debug|Any CPU
		{CA94F1E0-2D38-4E24-B296-D17A9FF1A01A}.Release|Any CPU.ActiveCfg = Release|Any CPU
		{CA94F1E0-2D38-4E24-B296-D17A9FF1A01A}.Release|Any CPU.Build.0 = Release|Any CPU
		{4D4486C2-64E4-41C9-A336-9D37A829CF19}.Debug|Any CPU.ActiveCfg = Debug|Any CPU
		{4D4486C2-64E4-41C9-A336-9D37A829CF19}.Debug|Any CPU.Build.0 = Debug|Any CPU
		{4D4486C2-64E4-41C9-A336-9D37A829CF19}.Release|Any CPU.ActiveCfg = Release|Any CPU
		{4D4486C2-64E4-41C9-A336-9D37A829CF19}.Release|Any CPU.Build.0 = Release|Any CPU
		{7358CB10-530B-4B1C-A94E-DA6B628ABF27}.Debug|Any CPU.ActiveCfg = Debug|Any CPU
		{7358CB10-530B-4B1C-A94E-DA6B628ABF27}.Debug|Any CPU.Build.0 = Debug|Any CPU
		{7358CB10-530B-4B1C-A94E-DA6B628ABF27}.Release|Any CPU.ActiveCfg = Release|Any CPU
		{7358CB10-530B-4B1C-A94E-DA6B628ABF27}.Release|Any CPU.Build.0 = Release|Any CPU
		{80AD092D-86FA-4163-B250-8B86A4475581}.Debug|Any CPU.ActiveCfg = Debug|Any CPU
		{80AD092D-86FA-4163-B250-8B86A4475581}.Debug|Any CPU.Build.0 = Debug|Any CPU
		{80AD092D-86FA-4163-B250-8B86A4475581}.Release|Any CPU.ActiveCfg = Release|Any CPU
		{80AD092D-86FA-4163-B250-8B86A4475581}.Release|Any CPU.Build.0 = Release|Any CPU
		{8E1C5B0D-3623-4316-82B8-175137EA1BAC}.Debug|Any CPU.ActiveCfg = Debug|Any CPU
		{8E1C5B0D-3623-4316-82B8-175137EA1BAC}.Debug|Any CPU.Build.0 = Debug|Any CPU
		{8E1C5B0D-3623-4316-82B8-175137EA1BAC}.Release|Any CPU.ActiveCfg = Release|Any CPU
		{8E1C5B0D-3623-4316-82B8-175137EA1BAC}.Release|Any CPU.Build.0 = Release|Any CPU
		{E637F9AD-A6EC-4103-A938-E8BCA8530738}.Debug|Any CPU.ActiveCfg = Debug|Any CPU
		{E637F9AD-A6EC-4103-A938-E8BCA8530738}.Debug|Any CPU.Build.0 = Debug|Any CPU
		{E637F9AD-A6EC-4103-A938-E8BCA8530738}.Release|Any CPU.ActiveCfg = Release|Any CPU
		{E637F9AD-A6EC-4103-A938-E8BCA8530738}.Release|Any CPU.Build.0 = Release|Any CPU
		{F761A4FE-D3C8-4B08-B3BD-FD0F9510BC4D}.Debug|Any CPU.ActiveCfg = Debug|Any CPU
		{F761A4FE-D3C8-4B08-B3BD-FD0F9510BC4D}.Debug|Any CPU.Build.0 = Debug|Any CPU
		{F761A4FE-D3C8-4B08-B3BD-FD0F9510BC4D}.Release|Any CPU.ActiveCfg = Release|Any CPU
		{F761A4FE-D3C8-4B08-B3BD-FD0F9510BC4D}.Release|Any CPU.Build.0 = Release|Any CPU
		{38679B44-DD14-4CE9-ABBA-00B9F9C8E7F3}.Debug|Any CPU.ActiveCfg = Debug|Any CPU
		{38679B44-DD14-4CE9-ABBA-00B9F9C8E7F3}.Debug|Any CPU.Build.0 = Debug|Any CPU
		{38679B44-DD14-4CE9-ABBA-00B9F9C8E7F3}.Release|Any CPU.ActiveCfg = Release|Any CPU
		{38679B44-DD14-4CE9-ABBA-00B9F9C8E7F3}.Release|Any CPU.Build.0 = Release|Any CPU
		{DFA1DD1D-7BE7-4D86-9B95-6C689FA888CB}.Debug|Any CPU.ActiveCfg = Debug|Any CPU
		{DFA1DD1D-7BE7-4D86-9B95-6C689FA888CB}.Debug|Any CPU.Build.0 = Debug|Any CPU
		{DFA1DD1D-7BE7-4D86-9B95-6C689FA888CB}.Release|Any CPU.ActiveCfg = Release|Any CPU
		{DFA1DD1D-7BE7-4D86-9B95-6C689FA888CB}.Release|Any CPU.Build.0 = Release|Any CPU
		{F651C29A-FE41-49D4-913F-9A1430B65A28}.Debug|Any CPU.ActiveCfg = Debug|Any CPU
		{F651C29A-FE41-49D4-913F-9A1430B65A28}.Debug|Any CPU.Build.0 = Debug|Any CPU
		{F651C29A-FE41-49D4-913F-9A1430B65A28}.Release|Any CPU.ActiveCfg = Release|Any CPU
		{F651C29A-FE41-49D4-913F-9A1430B65A28}.Release|Any CPU.Build.0 = Release|Any CPU
		{9AF2DA3D-19E0-42F4-9352-7F23C56E77BD}.Debug|Any CPU.ActiveCfg = Debug|Any CPU
		{9AF2DA3D-19E0-42F4-9352-7F23C56E77BD}.Debug|Any CPU.Build.0 = Debug|Any CPU
		{9AF2DA3D-19E0-42F4-9352-7F23C56E77BD}.Release|Any CPU.ActiveCfg = Release|Any CPU
		{9AF2DA3D-19E0-42F4-9352-7F23C56E77BD}.Release|Any CPU.Build.0 = Release|Any CPU
		{EF67CF25-D9BE-4707-BE57-EDF418C5294A}.Debug|Any CPU.ActiveCfg = Debug|Any CPU
		{EF67CF25-D9BE-4707-BE57-EDF418C5294A}.Debug|Any CPU.Build.0 = Debug|Any CPU
		{EF67CF25-D9BE-4707-BE57-EDF418C5294A}.Release|Any CPU.ActiveCfg = Release|Any CPU
		{EF67CF25-D9BE-4707-BE57-EDF418C5294A}.Release|Any CPU.Build.0 = Release|Any CPU
		{30B6E874-D1D1-4363-B982-B47F1CEDE282}.Debug|Any CPU.ActiveCfg = Debug|Any CPU
		{30B6E874-D1D1-4363-B982-B47F1CEDE282}.Debug|Any CPU.Build.0 = Debug|Any CPU
		{30B6E874-D1D1-4363-B982-B47F1CEDE282}.Release|Any CPU.ActiveCfg = Release|Any CPU
		{30B6E874-D1D1-4363-B982-B47F1CEDE282}.Release|Any CPU.Build.0 = Release|Any CPU
		{0E8A2489-915D-4153-9DF6-899713A34873}.Debug|Any CPU.ActiveCfg = Debug|Any CPU
		{0E8A2489-915D-4153-9DF6-899713A34873}.Debug|Any CPU.Build.0 = Debug|Any CPU
		{0E8A2489-915D-4153-9DF6-899713A34873}.Release|Any CPU.ActiveCfg = Release|Any CPU
		{0E8A2489-915D-4153-9DF6-899713A34873}.Release|Any CPU.Build.0 = Release|Any CPU
		{A8435BDA-C688-4107-9F10-83271E9404B7}.Debug|Any CPU.ActiveCfg = Debug|Any CPU
		{A8435BDA-C688-4107-9F10-83271E9404B7}.Debug|Any CPU.Build.0 = Debug|Any CPU
		{A8435BDA-C688-4107-9F10-83271E9404B7}.Release|Any CPU.ActiveCfg = Release|Any CPU
		{A8435BDA-C688-4107-9F10-83271E9404B7}.Release|Any CPU.Build.0 = Release|Any CPU
		{D76986F4-34F7-4815-9A85-025F4BCAE3C0}.Debug|Any CPU.ActiveCfg = Debug|Any CPU
		{D76986F4-34F7-4815-9A85-025F4BCAE3C0}.Debug|Any CPU.Build.0 = Debug|Any CPU
		{D76986F4-34F7-4815-9A85-025F4BCAE3C0}.Release|Any CPU.ActiveCfg = Release|Any CPU
		{D76986F4-34F7-4815-9A85-025F4BCAE3C0}.Release|Any CPU.Build.0 = Release|Any CPU
		{C7667ED3-EC15-4BD2-BE80-CCCDAC20BFC9}.Debug|Any CPU.ActiveCfg = Debug|Any CPU
		{C7667ED3-EC15-4BD2-BE80-CCCDAC20BFC9}.Debug|Any CPU.Build.0 = Debug|Any CPU
		{C7667ED3-EC15-4BD2-BE80-CCCDAC20BFC9}.Release|Any CPU.ActiveCfg = Release|Any CPU
		{C7667ED3-EC15-4BD2-BE80-CCCDAC20BFC9}.Release|Any CPU.Build.0 = Release|Any CPU
		{8E73DBB8-C4AD-4372-9112-71538EDFB032}.Debug|Any CPU.ActiveCfg = Debug|Any CPU
		{8E73DBB8-C4AD-4372-9112-71538EDFB032}.Debug|Any CPU.Build.0 = Debug|Any CPU
		{8E73DBB8-C4AD-4372-9112-71538EDFB032}.Release|Any CPU.ActiveCfg = Release|Any CPU
		{8E73DBB8-C4AD-4372-9112-71538EDFB032}.Release|Any CPU.Build.0 = Release|Any CPU
		{9389A715-D341-4091-987B-3EF63A89498B}.Debug|Any CPU.ActiveCfg = Debug|Any CPU
		{9389A715-D341-4091-987B-3EF63A89498B}.Debug|Any CPU.Build.0 = Debug|Any CPU
		{9389A715-D341-4091-987B-3EF63A89498B}.Release|Any CPU.ActiveCfg = Release|Any CPU
		{9389A715-D341-4091-987B-3EF63A89498B}.Release|Any CPU.Build.0 = Release|Any CPU
		{678F68B4-7640-415C-AF0E-25587B781664}.Debug|Any CPU.ActiveCfg = Debug|Any CPU
		{678F68B4-7640-415C-AF0E-25587B781664}.Debug|Any CPU.Build.0 = Debug|Any CPU
		{678F68B4-7640-415C-AF0E-25587B781664}.Release|Any CPU.ActiveCfg = Release|Any CPU
		{678F68B4-7640-415C-AF0E-25587B781664}.Release|Any CPU.Build.0 = Release|Any CPU
		{60A3CE41-E5FB-4428-B36F-E14AC333E6DC}.Debug|Any CPU.ActiveCfg = Debug|Any CPU
		{60A3CE41-E5FB-4428-B36F-E14AC333E6DC}.Debug|Any CPU.Build.0 = Debug|Any CPU
		{60A3CE41-E5FB-4428-B36F-E14AC333E6DC}.Release|Any CPU.ActiveCfg = Release|Any CPU
		{60A3CE41-E5FB-4428-B36F-E14AC333E6DC}.Release|Any CPU.Build.0 = Release|Any CPU
		{EAD7AA81-E6BF-45EE-9FEA-044616413A9C}.Debug|Any CPU.ActiveCfg = Debug|Any CPU
		{EAD7AA81-E6BF-45EE-9FEA-044616413A9C}.Debug|Any CPU.Build.0 = Debug|Any CPU
		{EAD7AA81-E6BF-45EE-9FEA-044616413A9C}.Release|Any CPU.ActiveCfg = Release|Any CPU
		{EAD7AA81-E6BF-45EE-9FEA-044616413A9C}.Release|Any CPU.Build.0 = Release|Any CPU
		{C9999B93-CBEF-438B-9331-E95B8853B749}.Debug|Any CPU.ActiveCfg = Debug|Any CPU
		{C9999B93-CBEF-438B-9331-E95B8853B749}.Debug|Any CPU.Build.0 = Debug|Any CPU
		{C9999B93-CBEF-438B-9331-E95B8853B749}.Release|Any CPU.ActiveCfg = Release|Any CPU
		{C9999B93-CBEF-438B-9331-E95B8853B749}.Release|Any CPU.Build.0 = Release|Any CPU
		{C7483613-D84A-4139-AFBD-069042693052}.Debug|Any CPU.ActiveCfg = Debug|Any CPU
		{C7483613-D84A-4139-AFBD-069042693052}.Debug|Any CPU.Build.0 = Debug|Any CPU
		{C7483613-D84A-4139-AFBD-069042693052}.Release|Any CPU.ActiveCfg = Release|Any CPU
		{C7483613-D84A-4139-AFBD-069042693052}.Release|Any CPU.Build.0 = Release|Any CPU
		{FE17284C-B22E-4EE0-8290-055607A06E19}.Debug|Any CPU.ActiveCfg = Debug|Any CPU
		{FE17284C-B22E-4EE0-8290-055607A06E19}.Debug|Any CPU.Build.0 = Debug|Any CPU
		{FE17284C-B22E-4EE0-8290-055607A06E19}.Release|Any CPU.ActiveCfg = Release|Any CPU
		{FE17284C-B22E-4EE0-8290-055607A06E19}.Release|Any CPU.Build.0 = Release|Any CPU
		{141E6C4F-008E-4956-A27D-C561F7AFCEF6}.Debug|Any CPU.ActiveCfg = Debug|Any CPU
		{141E6C4F-008E-4956-A27D-C561F7AFCEF6}.Debug|Any CPU.Build.0 = Debug|Any CPU
		{141E6C4F-008E-4956-A27D-C561F7AFCEF6}.Release|Any CPU.ActiveCfg = Release|Any CPU
		{141E6C4F-008E-4956-A27D-C561F7AFCEF6}.Release|Any CPU.Build.0 = Release|Any CPU
		{F5CCB1CC-F491-4BC6-A99F-467ADB9391EB}.Debug|Any CPU.ActiveCfg = Debug|Any CPU
		{F5CCB1CC-F491-4BC6-A99F-467ADB9391EB}.Debug|Any CPU.Build.0 = Debug|Any CPU
		{F5CCB1CC-F491-4BC6-A99F-467ADB9391EB}.Release|Any CPU.ActiveCfg = Release|Any CPU
		{F5CCB1CC-F491-4BC6-A99F-467ADB9391EB}.Release|Any CPU.Build.0 = Release|Any CPU
		{29557CC3-29E6-4B63-84A6-AABDF4C97AC7}.Debug|Any CPU.ActiveCfg = Debug|Any CPU
		{29557CC3-29E6-4B63-84A6-AABDF4C97AC7}.Debug|Any CPU.Build.0 = Debug|Any CPU
		{29557CC3-29E6-4B63-84A6-AABDF4C97AC7}.Release|Any CPU.ActiveCfg = Release|Any CPU
		{29557CC3-29E6-4B63-84A6-AABDF4C97AC7}.Release|Any CPU.Build.0 = Release|Any CPU
		{8962A35C-6363-4722-84AB-D695399D134E}.Debug|Any CPU.ActiveCfg = Debug|Any CPU
		{8962A35C-6363-4722-84AB-D695399D134E}.Debug|Any CPU.Build.0 = Debug|Any CPU
		{8962A35C-6363-4722-84AB-D695399D134E}.Release|Any CPU.ActiveCfg = Release|Any CPU
		{8962A35C-6363-4722-84AB-D695399D134E}.Release|Any CPU.Build.0 = Release|Any CPU
	EndGlobalSection
	GlobalSection(SolutionProperties) = preSolution
		HideSolutionNode = FALSE
	EndGlobalSection
EndGlobal
